
Microsoft Visual Studio Solution File, Format Version 12.00
# Visual Studio Version 16
VisualStudioVersion = 16.0.31112.23
MinimumVisualStudioVersion = 10.0.40219.1
Project("{FAE04EC0-301F-11D3-BF4B-00C04F79EFBC}") = "ProyectoFinal", "ProyectoFinal.csproj", "{1AA11511-3249-49DB-9F06-08D460561C5A}"
EndProject
Global
	GlobalSection(SolutionConfigurationPlatforms) = preSolution
		Debug|Any CPU = Debug|Any CPU
		Release|Any CPU = Release|Any CPU
	EndGlobalSection
	GlobalSection(ProjectConfigurationPlatforms) = postSolution
		{1AA11511-3249-49DB-9F06-08D460561C5A}.Debug|Any CPU.ActiveCfg = Debug|Any CPU
		{1AA11511-3249-49DB-9F06-08D460561C5A}.Debug|Any CPU.Build.0 = Debug|Any CPU
		{1AA11511-3249-49DB-9F06-08D460561C5A}.Release|Any CPU.ActiveCfg = Release|Any CPU
		{1AA11511-3249-49DB-9F06-08D460561C5A}.Release|Any CPU.Build.0 = Release|Any CPU
	EndGlobalSection
	GlobalSection(SolutionProperties) = preSolution
		HideSolutionNode = FALSE
	EndGlobalSection
	GlobalSection(ExtensibilityGlobals) = postSolution
		SolutionGuid = {A8FC7986-6E61-4367-BAD4-A0038FB76B1B}
	EndGlobalSection
EndGlobal
